
Microsoft Visual Studio Solution File, Format Version 12.00
# Visual Studio Version 16
VisualStudioVersion = 16.0.31424.327
MinimumVisualStudioVersion = 10.0.40219.1
Project("{8BC9CEB8-8B4A-11D0-8D11-00A0C91BC942}") = "affix-returner", "affix-returner\affix-returner.vcxproj", "{9A9D6A8F-94B1-4E04-93BF-6DB9DC639557}"
EndProject
Project("{8BC9CEB8-8B4A-11D0-8D11-00A0C91BC942}") = "affix-base", "..\affix-base\affix-base\affix-base.vcxproj", "{7B4BFEE2-AC81-40CE-A365-529CFC1111B3}"
EndProject
Global
	GlobalSection(SolutionConfigurationPlatforms) = preSolution
		Debug|x64 = Debug|x64
		Debug|x86 = Debug|x86
		Release|x64 = Release|x64
		Release|x86 = Release|x86
		Standalone Debug|x64 = Standalone Debug|x64
		Standalone Debug|x86 = Standalone Debug|x86
		Standalone Release|x64 = Standalone Release|x64
		Standalone Release|x86 = Standalone Release|x86
	EndGlobalSection
	GlobalSection(ProjectConfigurationPlatforms) = postSolution
		{9A9D6A8F-94B1-4E04-93BF-6DB9DC639557}.Debug|x64.ActiveCfg = Debug|x64
		{9A9D6A8F-94B1-4E04-93BF-6DB9DC639557}.Debug|x64.Build.0 = Debug|x64
		{9A9D6A8F-94B1-4E04-93BF-6DB9DC639557}.Debug|x86.ActiveCfg = Debug|Win32
		{9A9D6A8F-94B1-4E04-93BF-6DB9DC639557}.Debug|x86.Build.0 = Debug|Win32
		{9A9D6A8F-94B1-4E04-93BF-6DB9DC639557}.Release|x64.ActiveCfg = Release|x64
		{9A9D6A8F-94B1-4E04-93BF-6DB9DC639557}.Release|x64.Build.0 = Release|x64
		{9A9D6A8F-94B1-4E04-93BF-6DB9DC639557}.Release|x86.ActiveCfg = Release|Win32
		{9A9D6A8F-94B1-4E04-93BF-6DB9DC639557}.Release|x86.Build.0 = Release|Win32
		{9A9D6A8F-94B1-4E04-93BF-6DB9DC639557}.Standalone Debug|x64.ActiveCfg = Debug|x64
		{9A9D6A8F-94B1-4E04-93BF-6DB9DC639557}.Standalone Debug|x64.Build.0 = Debug|x64
		{9A9D6A8F-94B1-4E04-93BF-6DB9DC639557}.Standalone Debug|x86.ActiveCfg = Debug|Win32
		{9A9D6A8F-94B1-4E04-93BF-6DB9DC639557}.Standalone Debug|x86.Build.0 = Debug|Win32
		{9A9D6A8F-94B1-4E04-93BF-6DB9DC639557}.Standalone Release|x64.ActiveCfg = Release|x64
		{9A9D6A8F-94B1-4E04-93BF-6DB9DC639557}.Standalone Release|x64.Build.0 = Release|x64
		{9A9D6A8F-94B1-4E04-93BF-6DB9DC639557}.Standalone Release|x86.ActiveCfg = Release|Win32
		{9A9D6A8F-94B1-4E04-93BF-6DB9DC639557}.Standalone Release|x86.Build.0 = Release|Win32
		{7B4BFEE2-AC81-40CE-A365-529CFC1111B3}.Debug|x64.ActiveCfg = Debug|x64
		{7B4BFEE2-AC81-40CE-A365-529CFC1111B3}.Debug|x64.Build.0 = Debug|x64
		{7B4BFEE2-AC81-40CE-A365-529CFC1111B3}.Debug|x86.ActiveCfg = Debug|Win32
		{7B4BFEE2-AC81-40CE-A365-529CFC1111B3}.Debug|x86.Build.0 = Debug|Win32
		{7B4BFEE2-AC81-40CE-A365-529CFC1111B3}.Release|x64.ActiveCfg = Release|x64
		{7B4BFEE2-AC81-40CE-A365-529CFC1111B3}.Release|x64.Build.0 = Release|x64
		{7B4BFEE2-AC81-40CE-A365-529CFC1111B3}.Release|x86.ActiveCfg = Release|Win32
		{7B4BFEE2-AC81-40CE-A365-529CFC1111B3}.Release|x86.Build.0 = Release|Win32
		{7B4BFEE2-AC81-40CE-A365-529CFC1111B3}.Standalone Debug|x64.ActiveCfg = Standalone Debug|x64
		{7B4BFEE2-AC81-40CE-A365-529CFC1111B3}.Standalone Debug|x64.Build.0 = Standalone Debug|x64
		{7B4BFEE2-AC81-40CE-A365-529CFC1111B3}.Standalone Debug|x86.ActiveCfg = Standalone Debug|Win32
		{7B4BFEE2-AC81-40CE-A365-529CFC1111B3}.Standalone Debug|x86.Build.0 = Standalone Debug|Win32
		{7B4BFEE2-AC81-40CE-A365-529CFC1111B3}.Standalone Release|x64.ActiveCfg = Standalone Release|x64
		{7B4BFEE2-AC81-40CE-A365-529CFC1111B3}.Standalone Release|x64.Build.0 = Standalone Release|x64
		{7B4BFEE2-AC81-40CE-A365-529CFC1111B3}.Standalone Release|x86.ActiveCfg = Standalone Release|Win32
		{7B4BFEE2-AC81-40CE-A365-529CFC1111B3}.Standalone Release|x86.Build.0 = Standalone Release|Win32
	EndGlobalSection
	GlobalSection(SolutionProperties) = preSolution
		HideSolutionNode = FALSE
	EndGlobalSection
	GlobalSection(ExtensibilityGlobals) = postSolution
		SolutionGuid = {B07F5956-9941-4E86-B783-CB3816B96619}
	EndGlobalSection
EndGlobal
