
Microsoft Visual Studio Solution File, Format Version 12.00
# Visual Studio Version 16
VisualStudioVersion = 16.0.31424.327
MinimumVisualStudioVersion = 10.0.40219.1
Project("{8BC9CEB8-8B4A-11D0-8D11-00A0C91BC942}") = "affix-returner", "affix-returner\affix-returner.vcxproj", "{9A9D6A8F-94B1-4E04-93BF-6DB9DC639557}"
EndProject
Project("{8BC9CEB8-8B4A-11D0-8D11-00A0C91BC942}") = "cryptography", "..\affix-cryptography\cryptography\cryptography\cryptography.vcxproj", "{42A50DF5-A0DD-4296-82FD-AF2CF9BF6B81}"
EndProject
Global
	GlobalSection(SolutionConfigurationPlatforms) = preSolution
		Debug|x64 = Debug|x64
		Debug|x86 = Debug|x86
		Release|x64 = Release|x64
		Release|x86 = Release|x86
	EndGlobalSection
	GlobalSection(ProjectConfigurationPlatforms) = postSolution
		{9A9D6A8F-94B1-4E04-93BF-6DB9DC639557}.Debug|x64.ActiveCfg = Debug|x64
		{9A9D6A8F-94B1-4E04-93BF-6DB9DC639557}.Debug|x64.Build.0 = Debug|x64
		{9A9D6A8F-94B1-4E04-93BF-6DB9DC639557}.Debug|x86.ActiveCfg = Debug|Win32
		{9A9D6A8F-94B1-4E04-93BF-6DB9DC639557}.Debug|x86.Build.0 = Debug|Win32
		{9A9D6A8F-94B1-4E04-93BF-6DB9DC639557}.Release|x64.ActiveCfg = Release|x64
		{9A9D6A8F-94B1-4E04-93BF-6DB9DC639557}.Release|x64.Build.0 = Release|x64
		{9A9D6A8F-94B1-4E04-93BF-6DB9DC639557}.Release|x86.ActiveCfg = Release|Win32
		{9A9D6A8F-94B1-4E04-93BF-6DB9DC639557}.Release|x86.Build.0 = Release|Win32
		{42A50DF5-A0DD-4296-82FD-AF2CF9BF6B81}.Debug|x64.ActiveCfg = Debug|x64
		{42A50DF5-A0DD-4296-82FD-AF2CF9BF6B81}.Debug|x64.Build.0 = Debug|x64
		{42A50DF5-A0DD-4296-82FD-AF2CF9BF6B81}.Debug|x86.ActiveCfg = Debug|Win32
		{42A50DF5-A0DD-4296-82FD-AF2CF9BF6B81}.Debug|x86.Build.0 = Debug|Win32
		{42A50DF5-A0DD-4296-82FD-AF2CF9BF6B81}.Release|x64.ActiveCfg = Release|x64
		{42A50DF5-A0DD-4296-82FD-AF2CF9BF6B81}.Release|x64.Build.0 = Release|x64
		{42A50DF5-A0DD-4296-82FD-AF2CF9BF6B81}.Release|x86.ActiveCfg = Release|Win32
		{42A50DF5-A0DD-4296-82FD-AF2CF9BF6B81}.Release|x86.Build.0 = Release|Win32
	EndGlobalSection
	GlobalSection(SolutionProperties) = preSolution
		HideSolutionNode = FALSE
	EndGlobalSection
	GlobalSection(ExtensibilityGlobals) = postSolution
		SolutionGuid = {B07F5956-9941-4E86-B783-CB3816B96619}
	EndGlobalSection
EndGlobal
